
Microsoft Visual Studio Solution File, Format Version 12.00
# Visual Studio Version 16
VisualStudioVersion = 16.0.31702.278
MinimumVisualStudioVersion = 10.0.40219.1
Project("{FAE04EC0-301F-11D3-BF4B-00C04F79EFBC}") = "Demo_LinQ", "Demo_LinQ.csproj", "{1064986A-BC89-4FEF-9F9C-D3E3EAAE6751}"
EndProject
Global
	GlobalSection(SolutionConfigurationPlatforms) = preSolution
		Debug|Any CPU = Debug|Any CPU
		Release|Any CPU = Release|Any CPU
	EndGlobalSection
	GlobalSection(ProjectConfigurationPlatforms) = postSolution
		{1064986A-BC89-4FEF-9F9C-D3E3EAAE6751}.Debug|Any CPU.ActiveCfg = Debug|Any CPU
		{1064986A-BC89-4FEF-9F9C-D3E3EAAE6751}.Debug|Any CPU.Build.0 = Debug|Any CPU
		{1064986A-BC89-4FEF-9F9C-D3E3EAAE6751}.Release|Any CPU.ActiveCfg = Release|Any CPU
		{1064986A-BC89-4FEF-9F9C-D3E3EAAE6751}.Release|Any CPU.Build.0 = Release|Any CPU
	EndGlobalSection
	GlobalSection(SolutionProperties) = preSolution
		HideSolutionNode = FALSE
	EndGlobalSection
	GlobalSection(ExtensibilityGlobals) = postSolution
		SolutionGuid = {5EFB86A1-3E8C-4660-8A6C-3FFE009F064B}
	EndGlobalSection
EndGlobal
